// !$*UTF8*$!
{
	archiveVersion = 1;
	classes = {
	};
	objectVersion = 56;
	objects = {

/* Begin PBXBuildFile section */
		699A67DD290A9932004E2CFD /* Onboarding.swift in Sources */ = {isa = PBXBuildFile; fileRef = 699A67DC290A9932004E2CFD /* Onboarding.swift */; };
		699A67E1290BD9FA004E2CFD /* DataModel.swift in Sources */ = {isa = PBXBuildFile; fileRef = 699A67E0290BD9FA004E2CFD /* DataModel.swift */; };
		69B76B072911E2D00099E470 /* VictoryView.swift in Sources */ = {isa = PBXBuildFile; fileRef = 69B76B062911E2D00099E470 /* VictoryView.swift */; };
		889EBCDD29048B1F00D6750A /* alCool_ProjectApp.swift in Sources */ = {isa = PBXBuildFile; fileRef = 889EBCDC29048B1F00D6750A /* alCool_ProjectApp.swift */; };
		889EBCDF29048B1F00D6750A /* ContentView.swift in Sources */ = {isa = PBXBuildFile; fileRef = 889EBCDE29048B1F00D6750A /* ContentView.swift */; };
		889EBCE129048B2100D6750A /* Assets.xcassets in Resources */ = {isa = PBXBuildFile; fileRef = 889EBCE029048B2100D6750A /* Assets.xcassets */; };
		889EBCE429048B2100D6750A /* Preview Assets.xcassets in Resources */ = {isa = PBXBuildFile; fileRef = 889EBCE329048B2100D6750A /* Preview Assets.xcassets */; };
		889EBCED290490BA00D6750A /* StoriesView.swift in Sources */ = {isa = PBXBuildFile; fileRef = 889EBCEC290490BA00D6750A /* StoriesView.swift */; };
		889EBCF22905919500D6750A /* AddEnigmaView.swift in Sources */ = {isa = PBXBuildFile; fileRef = 889EBCF12905919500D6750A /* AddEnigmaView.swift */; };
		889EBCF429069B7C00D6750A /* AddStoryView.swift in Sources */ = {isa = PBXBuildFile; fileRef = 889EBCF329069B7C00D6750A /* AddStoryView.swift */; };
		889EBCF6291192AF00D6750A /* DetailedStoryView.swift in Sources */ = {isa = PBXBuildFile; fileRef = 889EBCF5291192AF00D6750A /* DetailedStoryView.swift */; };
		889EBCF829119B4500D6750A /* DetailedEnigmaView.swift in Sources */ = {isa = PBXBuildFile; fileRef = 889EBCF729119B4500D6750A /* DetailedEnigmaView.swift */; };
		889EBCFA2911A60100D6750A /* PlayView.swift in Sources */ = {isa = PBXBuildFile; fileRef = 889EBCF92911A60100D6750A /* PlayView.swift */; };
/* End PBXBuildFile section */

/* Begin PBXFileReference section */
		699A67DC290A9932004E2CFD /* Onboarding.swift */ = {isa = PBXFileReference; fileEncoding = 4; lastKnownFileType = sourcecode.swift; path = Onboarding.swift; sourceTree = "<group>"; };
		699A67E0290BD9FA004E2CFD /* DataModel.swift */ = {isa = PBXFileReference; lastKnownFileType = sourcecode.swift; path = DataModel.swift; sourceTree = "<group>"; };
		69B76B062911E2D00099E470 /* VictoryView.swift */ = {isa = PBXFileReference; lastKnownFileType = sourcecode.swift; path = VictoryView.swift; sourceTree = "<group>"; };
		889EBCD929048B1F00D6750A /* alCool Project.app */ = {isa = PBXFileReference; explicitFileType = wrapper.application; includeInIndex = 0; path = "alCool Project.app"; sourceTree = BUILT_PRODUCTS_DIR; };
		889EBCDC29048B1F00D6750A /* alCool_ProjectApp.swift */ = {isa = PBXFileReference; lastKnownFileType = sourcecode.swift; path = alCool_ProjectApp.swift; sourceTree = "<group>"; };
		889EBCDE29048B1F00D6750A /* ContentView.swift */ = {isa = PBXFileReference; lastKnownFileType = sourcecode.swift; path = ContentView.swift; sourceTree = "<group>"; };
		889EBCE029048B2100D6750A /* Assets.xcassets */ = {isa = PBXFileReference; lastKnownFileType = folder.assetcatalog; path = Assets.xcassets; sourceTree = "<group>"; };
		889EBCE329048B2100D6750A /* Preview Assets.xcassets */ = {isa = PBXFileReference; lastKnownFileType = folder.assetcatalog; path = "Preview Assets.xcassets"; sourceTree = "<group>"; };
		889EBCEC290490BA00D6750A /* StoriesView.swift */ = {isa = PBXFileReference; lastKnownFileType = sourcecode.swift; path = StoriesView.swift; sourceTree = "<group>"; };
		889EBCF12905919500D6750A /* AddEnigmaView.swift */ = {isa = PBXFileReference; lastKnownFileType = sourcecode.swift; path = AddEnigmaView.swift; sourceTree = "<group>"; };
		889EBCF329069B7C00D6750A /* AddStoryView.swift */ = {isa = PBXFileReference; lastKnownFileType = sourcecode.swift; path = AddStoryView.swift; sourceTree = "<group>"; };
		889EBCF5291192AF00D6750A /* DetailedStoryView.swift */ = {isa = PBXFileReference; lastKnownFileType = sourcecode.swift; path = DetailedStoryView.swift; sourceTree = "<group>"; };
		889EBCF729119B4500D6750A /* DetailedEnigmaView.swift */ = {isa = PBXFileReference; lastKnownFileType = sourcecode.swift; path = DetailedEnigmaView.swift; sourceTree = "<group>"; };
		889EBCF92911A60100D6750A /* PlayView.swift */ = {isa = PBXFileReference; lastKnownFileType = sourcecode.swift; path = PlayView.swift; sourceTree = "<group>"; };
/* End PBXFileReference section */

/* Begin PBXFrameworksBuildPhase section */
		889EBCD629048B1F00D6750A /* Frameworks */ = {
			isa = PBXFrameworksBuildPhase;
			buildActionMask = 2147483647;
			files = (
			);
			runOnlyForDeploymentPostprocessing = 0;
		};
/* End PBXFrameworksBuildPhase section */

/* Begin PBXGroup section */
		699A67DF290BD9DA004E2CFD /* Data */ = {
			isa = PBXGroup;
			children = (
				699A67E0290BD9FA004E2CFD /* DataModel.swift */,
			);
			path = Data;
			sourceTree = "<group>";
		};
		889EBCD029048B1F00D6750A = {
			isa = PBXGroup;
			children = (
				889EBCDB29048B1F00D6750A /* alCool Project */,
				889EBCDA29048B1F00D6750A /* Products */,
			);
			sourceTree = "<group>";
		};
		889EBCDA29048B1F00D6750A /* Products */ = {
			isa = PBXGroup;
			children = (
				889EBCD929048B1F00D6750A /* alCool Project.app */,
			);
			name = Products;
			sourceTree = "<group>";
		};
		889EBCDB29048B1F00D6750A /* alCool Project */ = {
			isa = PBXGroup;
			children = (
				889EBCDC29048B1F00D6750A /* alCool_ProjectApp.swift */,
				889EBCEE2904CDCF00D6750A /* Views */,
				889EBCE029048B2100D6750A /* Assets.xcassets */,
				699A67DF290BD9DA004E2CFD /* Data */,
				889EBCE229048B2100D6750A /* Preview Content */,
			);
			path = "alCool Project";
			sourceTree = "<group>";
		};
		889EBCE229048B2100D6750A /* Preview Content */ = {
			isa = PBXGroup;
			children = (
				889EBCE329048B2100D6750A /* Preview Assets.xcassets */,
			);
			path = "Preview Content";
			sourceTree = "<group>";
		};
		889EBCEE2904CDCF00D6750A /* Views */ = {
			isa = PBXGroup;
			children = (
				889EBCDE29048B1F00D6750A /* ContentView.swift */,
				699A67DC290A9932004E2CFD /* Onboarding.swift */,
				889EBCEC290490BA00D6750A /* StoriesView.swift */,
				889EBCF329069B7C00D6750A /* AddStoryView.swift */,
				889EBCF12905919500D6750A /* AddEnigmaView.swift */,
				889EBCF5291192AF00D6750A /* DetailedStoryView.swift */,
				889EBCF729119B4500D6750A /* DetailedEnigmaView.swift */,
				889EBCF92911A60100D6750A /* PlayView.swift */,
				69B76B062911E2D00099E470 /* VictoryView.swift */,
			);
			path = Views;
			sourceTree = "<group>";
		};
/* End PBXGroup section */

/* Begin PBXNativeTarget section */
		889EBCD829048B1F00D6750A /* alCool Project */ = {
			isa = PBXNativeTarget;
			buildConfigurationList = 889EBCE729048B2100D6750A /* Build configuration list for PBXNativeTarget "alCool Project" */;
			buildPhases = (
				889EBCD529048B1F00D6750A /* Sources */,
				889EBCD629048B1F00D6750A /* Frameworks */,
				889EBCD729048B1F00D6750A /* Resources */,
			);
			buildRules = (
			);
			dependencies = (
			);
			name = "alCool Project";
			productName = "alCool Project";
			productReference = 889EBCD929048B1F00D6750A /* alCool Project.app */;
			productType = "com.apple.product-type.application";
		};
/* End PBXNativeTarget section */

/* Begin PBXProject section */
		889EBCD129048B1F00D6750A /* Project object */ = {
			isa = PBXProject;
			attributes = {
				BuildIndependentTargetsInParallel = 1;
				LastSwiftUpdateCheck = 1400;
				LastUpgradeCheck = 1400;
				TargetAttributes = {
					889EBCD829048B1F00D6750A = {
						CreatedOnToolsVersion = 14.0.1;
					};
				};
			};
			buildConfigurationList = 889EBCD429048B1F00D6750A /* Build configuration list for PBXProject "alCool Project" */;
			compatibilityVersion = "Xcode 14.0";
			developmentRegion = en;
			hasScannedForEncodings = 0;
			knownRegions = (
				en,
				Base,
			);
			mainGroup = 889EBCD029048B1F00D6750A;
			productRefGroup = 889EBCDA29048B1F00D6750A /* Products */;
			projectDirPath = "";
			projectRoot = "";
			targets = (
				889EBCD829048B1F00D6750A /* alCool Project */,
			);
		};
/* End PBXProject section */

/* Begin PBXResourcesBuildPhase section */
		889EBCD729048B1F00D6750A /* Resources */ = {
			isa = PBXResourcesBuildPhase;
			buildActionMask = 2147483647;
			files = (
				889EBCE429048B2100D6750A /* Preview Assets.xcassets in Resources */,
				889EBCE129048B2100D6750A /* Assets.xcassets in Resources */,
			);
			runOnlyForDeploymentPostprocessing = 0;
		};
/* End PBXResourcesBuildPhase section */

/* Begin PBXSourcesBuildPhase section */
		889EBCD529048B1F00D6750A /* Sources */ = {
			isa = PBXSourcesBuildPhase;
			buildActionMask = 2147483647;
			files = (
				699A67E1290BD9FA004E2CFD /* DataModel.swift in Sources */,
				699A67DD290A9932004E2CFD /* Onboarding.swift in Sources */,
				69B76B072911E2D00099E470 /* VictoryView.swift in Sources */,
				889EBCF6291192AF00D6750A /* DetailedStoryView.swift in Sources */,
				889EBCDF29048B1F00D6750A /* ContentView.swift in Sources */,
				889EBCF429069B7C00D6750A /* AddStoryView.swift in Sources */,
				889EBCF829119B4500D6750A /* DetailedEnigmaView.swift in Sources */,
				889EBCDD29048B1F00D6750A /* alCool_ProjectApp.swift in Sources */,
				889EBCED290490BA00D6750A /* StoriesView.swift in Sources */,
				889EBCFA2911A60100D6750A /* PlayView.swift in Sources */,
				889EBCF22905919500D6750A /* AddEnigmaView.swift in Sources */,
			);
			runOnlyForDeploymentPostprocessing = 0;
		};
/* End PBXSourcesBuildPhase section */

/* Begin XCBuildConfiguration section */
		889EBCE529048B2100D6750A /* Debug */ = {
			isa = XCBuildConfiguration;
			buildSettings = {
				ALWAYS_SEARCH_USER_PATHS = NO;
				CLANG_ANALYZER_NONNULL = YES;
				CLANG_ANALYZER_NUMBER_OBJECT_CONVERSION = YES_AGGRESSIVE;
				CLANG_CXX_LANGUAGE_STANDARD = "gnu++20";
				CLANG_ENABLE_MODULES = YES;
				CLANG_ENABLE_OBJC_ARC = YES;
				CLANG_ENABLE_OBJC_WEAK = YES;
				CLANG_WARN_BLOCK_CAPTURE_AUTORELEASING = YES;
				CLANG_WARN_BOOL_CONVERSION = YES;
				CLANG_WARN_COMMA = YES;
				CLANG_WARN_CONSTANT_CONVERSION = YES;
				CLANG_WARN_DEPRECATED_OBJC_IMPLEMENTATIONS = YES;
				CLANG_WARN_DIRECT_OBJC_ISA_USAGE = YES_ERROR;
				CLANG_WARN_DOCUMENTATION_COMMENTS = YES;
				CLANG_WARN_EMPTY_BODY = YES;
				CLANG_WARN_ENUM_CONVERSION = YES;
				CLANG_WARN_INFINITE_RECURSION = YES;
				CLANG_WARN_INT_CONVERSION = YES;
				CLANG_WARN_NON_LITERAL_NULL_CONVERSION = YES;
				CLANG_WARN_OBJC_IMPLICIT_RETAIN_SELF = YES;
				CLANG_WARN_OBJC_LITERAL_CONVERSION = YES;
				CLANG_WARN_OBJC_ROOT_CLASS = YES_ERROR;
				CLANG_WARN_QUOTED_INCLUDE_IN_FRAMEWORK_HEADER = YES;
				CLANG_WARN_RANGE_LOOP_ANALYSIS = YES;
				CLANG_WARN_STRICT_PROTOTYPES = YES;
				CLANG_WARN_SUSPICIOUS_MOVE = YES;
				CLANG_WARN_UNGUARDED_AVAILABILITY = YES_AGGRESSIVE;
				CLANG_WARN_UNREACHABLE_CODE = YES;
				CLANG_WARN__DUPLICATE_METHOD_MATCH = YES;
				COPY_PHASE_STRIP = NO;
				DEBUG_INFORMATION_FORMAT = dwarf;
				ENABLE_STRICT_OBJC_MSGSEND = YES;
				ENABLE_TESTABILITY = YES;
				GCC_C_LANGUAGE_STANDARD = gnu11;
				GCC_DYNAMIC_NO_PIC = NO;
				GCC_NO_COMMON_BLOCKS = YES;
				GCC_OPTIMIZATION_LEVEL = 0;
				GCC_PREPROCESSOR_DEFINITIONS = (
					"DEBUG=1",
					"$(inherited)",
				);
				GCC_WARN_64_TO_32_BIT_CONVERSION = YES;
				GCC_WARN_ABOUT_RETURN_TYPE = YES_ERROR;
				GCC_WARN_UNDECLARED_SELECTOR = YES;
				GCC_WARN_UNINITIALIZED_AUTOS = YES_AGGRESSIVE;
				GCC_WARN_UNUSED_FUNCTION = YES;
				GCC_WARN_UNUSED_VARIABLE = YES;
				IPHONEOS_DEPLOYMENT_TARGET = 16.0;
				MTL_ENABLE_DEBUG_INFO = INCLUDE_SOURCE;
				MTL_FAST_MATH = YES;
				ONLY_ACTIVE_ARCH = YES;
				SDKROOT = iphoneos;
				SWIFT_ACTIVE_COMPILATION_CONDITIONS = DEBUG;
				SWIFT_OPTIMIZATION_LEVEL = "-Onone";
			};
			name = Debug;
		};
		889EBCE629048B2100D6750A /* Release */ = {
			isa = XCBuildConfiguration;
			buildSettings = {
				ALWAYS_SEARCH_USER_PATHS = NO;
				CLANG_ANALYZER_NONNULL = YES;
				CLANG_ANALYZER_NUMBER_OBJECT_CONVERSION = YES_AGGRESSIVE;
				CLANG_CXX_LANGUAGE_STANDARD = "gnu++20";
				CLANG_ENABLE_MODULES = YES;
				CLANG_ENABLE_OBJC_ARC = YES;
				CLANG_ENABLE_OBJC_WEAK = YES;
				CLANG_WARN_BLOCK_CAPTURE_AUTORELEASING = YES;
				CLANG_WARN_BOOL_CONVERSION = YES;
				CLANG_WARN_COMMA = YES;
				CLANG_WARN_CONSTANT_CONVERSION = YES;
				CLANG_WARN_DEPRECATED_OBJC_IMPLEMENTATIONS = YES;
				CLANG_WARN_DIRECT_OBJC_ISA_USAGE = YES_ERROR;
				CLANG_WARN_DOCUMENTATION_COMMENTS = YES;
				CLANG_WARN_EMPTY_BODY = YES;
				CLANG_WARN_ENUM_CONVERSION = YES;
				CLANG_WARN_INFINITE_RECURSION = YES;
				CLANG_WARN_INT_CONVERSION = YES;
				CLANG_WARN_NON_LITERAL_NULL_CONVERSION = YES;
				CLANG_WARN_OBJC_IMPLICIT_RETAIN_SELF = YES;
				CLANG_WARN_OBJC_LITERAL_CONVERSION = YES;
				CLANG_WARN_OBJC_ROOT_CLASS = YES_ERROR;
				CLANG_WARN_QUOTED_INCLUDE_IN_FRAMEWORK_HEADER = YES;
				CLANG_WARN_RANGE_LOOP_ANALYSIS = YES;
				CLANG_WARN_STRICT_PROTOTYPES = YES;
				CLANG_WARN_SUSPICIOUS_MOVE = YES;
				CLANG_WARN_UNGUARDED_AVAILABILITY = YES_AGGRESSIVE;
				CLANG_WARN_UNREACHABLE_CODE = YES;
				CLANG_WARN__DUPLICATE_METHOD_MATCH = YES;
				COPY_PHASE_STRIP = NO;
				DEBUG_INFORMATION_FORMAT = "dwarf-with-dsym";
				ENABLE_NS_ASSERTIONS = NO;
				ENABLE_STRICT_OBJC_MSGSEND = YES;
				GCC_C_LANGUAGE_STANDARD = gnu11;
				GCC_NO_COMMON_BLOCKS = YES;
				GCC_WARN_64_TO_32_BIT_CONVERSION = YES;
				GCC_WARN_ABOUT_RETURN_TYPE = YES_ERROR;
				GCC_WARN_UNDECLARED_SELECTOR = YES;
				GCC_WARN_UNINITIALIZED_AUTOS = YES_AGGRESSIVE;
				GCC_WARN_UNUSED_FUNCTION = YES;
				GCC_WARN_UNUSED_VARIABLE = YES;
				IPHONEOS_DEPLOYMENT_TARGET = 16.0;
				MTL_ENABLE_DEBUG_INFO = NO;
				MTL_FAST_MATH = YES;
				SDKROOT = iphoneos;
				SWIFT_COMPILATION_MODE = wholemodule;
				SWIFT_OPTIMIZATION_LEVEL = "-O";
				VALIDATE_PRODUCT = YES;
			};
			name = Release;
		};
		889EBCE829048B2100D6750A /* Debug */ = {
			isa = XCBuildConfiguration;
			buildSettings = {
				ASSETCATALOG_COMPILER_APPICON_NAME = AppIcon;
				ASSETCATALOG_COMPILER_GLOBAL_ACCENT_COLOR_NAME = AccentColor;
				CODE_SIGN_STYLE = Automatic;
				CURRENT_PROJECT_VERSION = 1;
				DEVELOPMENT_ASSET_PATHS = "\"alCool Project/Preview Content\"";
				DEVELOPMENT_TEAM = AVG85342HW;
				ENABLE_PREVIEWS = YES;
				GENERATE_INFOPLIST_FILE = YES;
				INFOPLIST_KEY_CFBundleDisplayName = "Key Hunters";
				INFOPLIST_KEY_LSApplicationCategoryType = "public.app-category.entertainment";
				INFOPLIST_KEY_UIApplicationSceneManifest_Generation = YES;
				INFOPLIST_KEY_UIApplicationSupportsIndirectInputEvents = YES;
				INFOPLIST_KEY_UILaunchScreen_Generation = YES;
				INFOPLIST_KEY_UISupportedInterfaceOrientations = "UIInterfaceOrientationLandscapeLeft UIInterfaceOrientationLandscapeRight UIInterfaceOrientationPortrait";
				INFOPLIST_KEY_UISupportedInterfaceOrientations_iPad = "UIInterfaceOrientationLandscapeLeft UIInterfaceOrientationLandscapeRight UIInterfaceOrientationPortrait UIInterfaceOrientationPortraitUpsideDown";
				LD_RUNPATH_SEARCH_PATHS = (
					"$(inherited)",
					"@executable_path/Frameworks",
				);
				MARKETING_VERSION = 1.0;
				PRODUCT_BUNDLE_IDENTIFIER = "com.alCool-Project";
				PRODUCT_NAME = "$(TARGET_NAME)";
				SWIFT_EMIT_LOC_STRINGS = YES;
				SWIFT_VERSION = 5.0;
				TARGETED_DEVICE_FAMILY = 1;
			};
			name = Debug;
		};
		889EBCE929048B2100D6750A /* Release */ = {
			isa = XCBuildConfiguration;
			buildSettings = {
				ASSETCATALOG_COMPILER_APPICON_NAME = AppIcon;
				ASSETCATALOG_COMPILER_GLOBAL_ACCENT_COLOR_NAME = AccentColor;
				CODE_SIGN_STYLE = Automatic;
				CURRENT_PROJECT_VERSION = 1;
				DEVELOPMENT_ASSET_PATHS = "\"alCool Project/Preview Content\"";
				DEVELOPMENT_TEAM = AVG85342HW;
				ENABLE_PREVIEWS = YES;
				GENERATE_INFOPLIST_FILE = YES;
				INFOPLIST_KEY_CFBundleDisplayName = "Key Hunters";
				INFOPLIST_KEY_LSApplicationCategoryType = "public.app-category.entertainment";
				INFOPLIST_KEY_UIApplicationSceneManifest_Generation = YES;
				INFOPLIST_KEY_UIApplicationSupportsIndirectInputEvents = YES;
				INFOPLIST_KEY_UILaunchScreen_Generation = YES;
				INFOPLIST_KEY_UISupportedInterfaceOrientations = "UIInterfaceOrientationLandscapeLeft UIInterfaceOrientationLandscapeRight UIInterfaceOrientationPortrait";
				INFOPLIST_KEY_UISupportedInterfaceOrientations_iPad = "UIInterfaceOrientationLandscapeLeft UIInterfaceOrientationLandscapeRight UIInterfaceOrientationPortrait UIInterfaceOrientationPortraitUpsideDown";
				LD_RUNPATH_SEARCH_PATHS = (
					"$(inherited)",
					"@executable_path/Frameworks",
				);
				MARKETING_VERSION = 1.0;
				PRODUCT_BUNDLE_IDENTIFIER = "com.alCool-Project";
				PRODUCT_NAME = "$(TARGET_NAME)";
				SWIFT_EMIT_LOC_STRINGS = YES;
				SWIFT_VERSION = 5.0;
				TARGETED_DEVICE_FAMILY = 1;
			};
			name = Release;
		};
/* End XCBuildConfiguration section */

/* Begin XCConfigurationList section */
		889EBCD429048B1F00D6750A /* Build configuration list for PBXProject "alCool Project" */ = {
			isa = XCConfigurationList;
			buildConfigurations = (
				889EBCE529048B2100D6750A /* Debug */,
				889EBCE629048B2100D6750A /* Release */,
			);
			defaultConfigurationIsVisible = 0;
			defaultConfigurationName = Release;
		};
		889EBCE729048B2100D6750A /* Build configuration list for PBXNativeTarget "alCool Project" */ = {
			isa = XCConfigurationList;
			buildConfigurations = (
				889EBCE829048B2100D6750A /* Debug */,
				889EBCE929048B2100D6750A /* Release */,
			);
			defaultConfigurationIsVisible = 0;
			defaultConfigurationName = Release;
		};
/* End XCConfigurationList section */
	};
	rootObject = 889EBCD129048B1F00D6750A /* Project object */;
}
